PODS:
  - Expecta (0.3.2)
  - Owl (1.1):
    - RNCryptor
  - RNCryptor (2.2)
  - Specta (0.3.2)

DEPENDENCIES:
  - Expecta (~> 0.3)
  - Owl (from `../`)
  - Specta (~> 0.3)

EXTERNAL SOURCES:
  Owl:
    :path: ../

SPEC CHECKSUMS:
  Expecta: ee641011fe10aa1855d487b40e4976dac50ec342
  Owl: fe0a594947dbb8838234c93a2fb6d44f5f2419cd
  RNCryptor: 4f562062c39f288b99601674f2c50dd44b68d58a
  Specta: 698a58ffa5ec948327d3b92eab50ca58d7f4fbe8

COCOAPODS: 0.35.0
