PODS:
  - JSONModel (1.0.2)
  - Owl (1.0):
    - JSONModel
    - RNCryptor
  - RNCryptor (2.2)

DEPENDENCIES:
  - Owl (from `../`)

EXTERNAL SOURCES:
  Owl:
    :path: ../

SPEC CHECKSUMS:
  JSONModel: cbdef0fdff1cc70e913a860861d3072860efd3a1
  Owl: efd1ad10f2061e6157326d21673a0db5743723da
  RNCryptor: 4f562062c39f288b99601674f2c50dd44b68d58a

COCOAPODS: 0.35.0
